
Microsoft Visual Studio Solution File, Format Version 12.00
# Visual Studio Version 16
VisualStudioVersion = 16.0.30804.86
MinimumVisualStudioVersion = 10.0.40219.1
Project("{FAE04EC0-301F-11D3-BF4B-00C04F79EFBC}") = "SqlHelper", "SqlHelper.csproj", "{E9EFCEF0-34B5-4BD1-86CB-20D8FC5637A6}"
EndProject
Global
	GlobalSection(SolutionConfigurationPlatforms) = preSolution
		Debug|Any CPU = Debug|Any CPU
		Release|Any CPU = Release|Any CPU
	EndGlobalSection
	GlobalSection(ProjectConfigurationPlatforms) = postSolution
		{E9EFCEF0-34B5-4BD1-86CB-20D8FC5637A6}.Debug|Any CPU.ActiveCfg = Debug|Any CPU
		{E9EFCEF0-34B5-4BD1-86CB-20D8FC5637A6}.Debug|Any CPU.Build.0 = Debug|Any CPU
		{E9EFCEF0-34B5-4BD1-86CB-20D8FC5637A6}.Release|Any CPU.ActiveCfg = Release|Any CPU
		{E9EFCEF0-34B5-4BD1-86CB-20D8FC5637A6}.Release|Any CPU.Build.0 = Release|Any CPU
	EndGlobalSection
	GlobalSection(SolutionProperties) = preSolution
		HideSolutionNode = FALSE
	EndGlobalSection
	GlobalSection(ExtensibilityGlobals) = postSolution
		SolutionGuid = {DF7ED117-E719-4029-AE5C-AB5B752D01AB}
	EndGlobalSection
EndGlobal
