
Microsoft Visual Studio Solution File, Format Version 12.00
# Visual Studio Version 16
VisualStudioVersion = 16.0.30804.86
MinimumVisualStudioVersion = 10.0.40219.1
Project("{FAE04EC0-301F-11D3-BF4B-00C04F79EFBC}") = "SqlHelper", "SqlHelper.csproj", "{882E0E8D-12D8-44AF-AC1C-4D7DAC745ADA}"
EndProject
Global
	GlobalSection(SolutionConfigurationPlatforms) = preSolution
		Debug|Any CPU = Debug|Any CPU
		Release|Any CPU = Release|Any CPU
	EndGlobalSection
	GlobalSection(ProjectConfigurationPlatforms) = postSolution
		{882E0E8D-12D8-44AF-AC1C-4D7DAC745ADA}.Debug|Any CPU.ActiveCfg = Debug|Any CPU
		{882E0E8D-12D8-44AF-AC1C-4D7DAC745ADA}.Debug|Any CPU.Build.0 = Debug|Any CPU
		{882E0E8D-12D8-44AF-AC1C-4D7DAC745ADA}.Release|Any CPU.ActiveCfg = Release|Any CPU
		{882E0E8D-12D8-44AF-AC1C-4D7DAC745ADA}.Release|Any CPU.Build.0 = Release|Any CPU
	EndGlobalSection
	GlobalSection(SolutionProperties) = preSolution
		HideSolutionNode = FALSE
	EndGlobalSection
	GlobalSection(ExtensibilityGlobals) = postSolution
		SolutionGuid = {DF7ED117-E719-4029-AE5C-AB5B752D01AB}
	EndGlobalSection
EndGlobal
